
Microsoft Visual Studio Solution File, Format Version 12.00
# Visual Studio Version 16
VisualStudioVersion = 16.0.31624.102
MinimumVisualStudioVersion = 10.0.40219.1
Project("{FAE04EC0-301F-11D3-BF4B-00C04F79EFBC}") = "Module4HW5", "Module4HW5\Module4HW5.csproj", "{56EF3A05-F3DF-403B-BCFE-0D00C31E4E46}"
EndProject
Global
	GlobalSection(SolutionConfigurationPlatforms) = preSolution
		Debug|Any CPU = Debug|Any CPU
		Release|Any CPU = Release|Any CPU
	EndGlobalSection
	GlobalSection(ProjectConfigurationPlatforms) = postSolution
		{56EF3A05-F3DF-403B-BCFE-0D00C31E4E46}.Debug|Any CPU.ActiveCfg = Debug|Any CPU
		{56EF3A05-F3DF-403B-BCFE-0D00C31E4E46}.Debug|Any CPU.Build.0 = Debug|Any CPU
		{56EF3A05-F3DF-403B-BCFE-0D00C31E4E46}.Release|Any CPU.ActiveCfg = Release|Any CPU
		{56EF3A05-F3DF-403B-BCFE-0D00C31E4E46}.Release|Any CPU.Build.0 = Release|Any CPU
	EndGlobalSection
	GlobalSection(SolutionProperties) = preSolution
		HideSolutionNode = FALSE
	EndGlobalSection
	GlobalSection(ExtensibilityGlobals) = postSolution
		SolutionGuid = {5A0177C1-7C36-494E-9188-33A315029E28}
	EndGlobalSection
EndGlobal
